
Microsoft Visual Studio Solution File, Format Version 12.00
# Visual Studio Version 17
VisualStudioVersion = 17.5.002.0
MinimumVisualStudioVersion = 10.0.40219.1
Project("{9A19103F-16F7-4668-BE54-9A1E7A4F7556}") = "OutlookAutomation", "OutlookAutomation.csproj", "{B16A9C04-B72B-42EC-A28C-E2FF32D1C0BD}"
EndProject
Global
	GlobalSection(SolutionConfigurationPlatforms) = preSolution
		Debug|Any CPU = Debug|Any CPU
		Release|Any CPU = Release|Any CPU
	EndGlobalSection
	GlobalSection(ProjectConfigurationPlatforms) = postSolution
		{B16A9C04-B72B-42EC-A28C-E2FF32D1C0BD}.Debug|Any CPU.ActiveCfg = Debug|Any CPU
		{B16A9C04-B72B-42EC-A28C-E2FF32D1C0BD}.Debug|Any CPU.Build.0 = Debug|Any CPU
		{B16A9C04-B72B-42EC-A28C-E2FF32D1C0BD}.Release|Any CPU.ActiveCfg = Release|Any CPU
		{B16A9C04-B72B-42EC-A28C-E2FF32D1C0BD}.Release|Any CPU.Build.0 = Release|Any CPU
	EndGlobalSection
	GlobalSection(SolutionProperties) = preSolution
		HideSolutionNode = FALSE
	EndGlobalSection
	GlobalSection(ExtensibilityGlobals) = postSolution
		SolutionGuid = {DE648950-3C15-40D6-8DAC-A8FEE1E97961}
	EndGlobalSection
EndGlobal
